
Microsoft Visual Studio Solution File, Format Version 12.00
# Visual Studio Version 16
VisualStudioVersion = 16.0.30611.23
MinimumVisualStudioVersion = 10.0.40219.1
Project("{159641D6-6404-4A2A-AE62-294DE0FE8301}") = "Strava SSIS", "Strava SSIS.dtproj", "{BBBBB8A7-A661-445C-B6C9-3A73A858BB27}"
EndProject
Global
	GlobalSection(SolutionConfigurationPlatforms) = preSolution
		Development|Default = Development|Default
	EndGlobalSection
	GlobalSection(ProjectConfigurationPlatforms) = postSolution
		{BBBBB8A7-A661-445C-B6C9-3A73A858BB27}.Development|Default.ActiveCfg = Development
		{BBBBB8A7-A661-445C-B6C9-3A73A858BB27}.Development|Default.Build.0 = Development
	EndGlobalSection
	GlobalSection(SolutionProperties) = preSolution
		HideSolutionNode = FALSE
	EndGlobalSection
	GlobalSection(ExtensibilityGlobals) = postSolution
		SolutionGuid = {46D268D2-D1F8-4F43-AE34-C8F3C41D68E2}
	EndGlobalSection
EndGlobal
